
Microsoft Visual Studio Solution File, Format Version 12.00
# Visual Studio 2012
Project("{FAE04EC0-301F-11D3-BF4B-00C04F79EFBC}") = "IsJustABall.Android", "IsJustABall.Android\IsJustABall.Android.csproj", "{D0380CC9-9394-465D-B270-CE402E3C0F9F}"
EndProject
Project("{FAE04EC0-301F-11D3-BF4B-00C04F79EFBC}") = "IsJustABall", "IsJustABall\IsJustABall.csproj", "{AD014AE2-06AE-46BF-805E-DEEFE3C4CEDD}"
EndProject
Global
	GlobalSection(SolutionConfigurationPlatforms) = preSolution
		Debug|Any CPU = Debug|Any CPU
		Release|Any CPU = Release|Any CPU
	EndGlobalSection
	GlobalSection(ProjectConfigurationPlatforms) = postSolution
		{AD014AE2-06AE-46BF-805E-DEEFE3C4CEDD}.Debug|Any CPU.ActiveCfg = Debug|Any CPU
		{AD014AE2-06AE-46BF-805E-DEEFE3C4CEDD}.Debug|Any CPU.Build.0 = Debug|Any CPU
		{AD014AE2-06AE-46BF-805E-DEEFE3C4CEDD}.Release|Any CPU.ActiveCfg = Release|Any CPU
		{AD014AE2-06AE-46BF-805E-DEEFE3C4CEDD}.Release|Any CPU.Build.0 = Release|Any CPU
		{D0380CC9-9394-465D-B270-CE402E3C0F9F}.Debug|Any CPU.ActiveCfg = Debug|Any CPU
		{D0380CC9-9394-465D-B270-CE402E3C0F9F}.Debug|Any CPU.Build.0 = Debug|Any CPU
		{D0380CC9-9394-465D-B270-CE402E3C0F9F}.Release|Any CPU.ActiveCfg = Release|Any CPU
		{D0380CC9-9394-465D-B270-CE402E3C0F9F}.Release|Any CPU.Build.0 = Release|Any CPU
	EndGlobalSection
EndGlobal
